
Microsoft Visual Studio Solution File, Format Version 12.00
# Visual Studio 15
Project("{FAE04EC0-301F-11D3-BF4B-00C04F79EFBC}") = "Assembly-CSharp", "Assembly-CSharp.csproj", "{FBADBB91-FB90-4082-10A9-48EB4A612508}"
EndProject
Project("{FAE04EC0-301F-11D3-BF4B-00C04F79EFBC}") = "Assembly-CSharp-firstpass", "Assembly-CSharp-firstpass.csproj", "{AFEFD96B-586D-3599-9AE4-6DDF8BA2FA9F}"
EndProject
Project("{FAE04EC0-301F-11D3-BF4B-00C04F79EFBC}") = "Assembly-CSharp-Editor-firstpass", "Assembly-CSharp-Editor-firstpass.csproj", "{A1CF7BCF-B3AB-28E9-58CE-60DA1B90B453}"
EndProject
Global
	GlobalSection(SolutionConfigurationPlatforms) = preSolution
		Debug|Any CPU = Debug|Any CPU
		Release|Any CPU = Release|Any CPU
	EndGlobalSection
	GlobalSection(ProjectConfigurationPlatforms) = postSolution
		{FBADBB91-FB90-4082-10A9-48EB4A612508}.Debug|Any CPU.ActiveCfg = Debug|Any CPU
		{FBADBB91-FB90-4082-10A9-48EB4A612508}.Debug|Any CPU.Build.0 = Debug|Any CPU
		{FBADBB91-FB90-4082-10A9-48EB4A612508}.Release|Any CPU.ActiveCfg = Release|Any CPU
		{FBADBB91-FB90-4082-10A9-48EB4A612508}.Release|Any CPU.Build.0 = Release|Any CPU
		{AFEFD96B-586D-3599-9AE4-6DDF8BA2FA9F}.Debug|Any CPU.ActiveCfg = Debug|Any CPU
		{AFEFD96B-586D-3599-9AE4-6DDF8BA2FA9F}.Debug|Any CPU.Build.0 = Debug|Any CPU
		{AFEFD96B-586D-3599-9AE4-6DDF8BA2FA9F}.Release|Any CPU.ActiveCfg = Release|Any CPU
		{AFEFD96B-586D-3599-9AE4-6DDF8BA2FA9F}.Release|Any CPU.Build.0 = Release|Any CPU
		{A1CF7BCF-B3AB-28E9-58CE-60DA1B90B453}.Debug|Any CPU.ActiveCfg = Debug|Any CPU
		{A1CF7BCF-B3AB-28E9-58CE-60DA1B90B453}.Debug|Any CPU.Build.0 = Debug|Any CPU
		{A1CF7BCF-B3AB-28E9-58CE-60DA1B90B453}.Release|Any CPU.ActiveCfg = Release|Any CPU
		{A1CF7BCF-B3AB-28E9-58CE-60DA1B90B453}.Release|Any CPU.Build.0 = Release|Any CPU
	EndGlobalSection
	GlobalSection(SolutionProperties) = preSolution
		HideSolutionNode = FALSE
	EndGlobalSection
EndGlobal
